
Microsoft Visual Studio Solution File, Format Version 12.00
# Visual Studio Version 17
VisualStudioVersion = 17.8.34316.72
MinimumVisualStudioVersion = 10.0.40219.1
Project("{9A19103F-16F7-4668-BE54-9A1E7A4F7556}") = "SeriMongo.Server", "SeriMongo.Server\SeriMongo.Server.csproj", "{FA7FE564-5168-4256-B25B-E0F3B45BF9F6}"
EndProject
Project("{54A90642-561A-4BB1-A94E-469ADEE60C69}") = "SeriMongo.WebUI.Angular", "SeriMongo.WebUI.Angular\SeriMongo.WebUI.Angular.esproj", "{30E8660A-A4E4-4949-80B3-91B7ED78A12D}"
EndProject
Project("{2150E333-8FDC-42A3-9474-1A3956D46DE8}") = "Samples", "Samples", "{63F8F3EE-0B29-46CF-928A-12CD8DB17379}"
EndProject
Project("{9A19103F-16F7-4668-BE54-9A1E7A4F7556}") = "Serilog.Sinks.MongoDB.Sample", "Samples\Serilog.Sinks.MongoDB.Sample\Serilog.Sinks.MongoDB.Sample.csproj", "{2C17F366-D7AB-4195-8BB5-002B6CAFEFFD}"
EndProject
Project("{2150E333-8FDC-42A3-9474-1A3956D46DE8}") = "Solution Items", "Solution Items", "{54C6B310-7AAF-432F-ADDB-97273E5E4135}"
	ProjectSection(SolutionItems) = preProject
		docker-compose.yml = docker-compose.yml
	EndProjectSection
EndProject
Global
	GlobalSection(SolutionConfigurationPlatforms) = preSolution
		Debug|Any CPU = Debug|Any CPU
		Release|Any CPU = Release|Any CPU
	EndGlobalSection
	GlobalSection(ProjectConfigurationPlatforms) = postSolution
		{FA7FE564-5168-4256-B25B-E0F3B45BF9F6}.Debug|Any CPU.ActiveCfg = Debug|Any CPU
		{FA7FE564-5168-4256-B25B-E0F3B45BF9F6}.Debug|Any CPU.Build.0 = Debug|Any CPU
		{FA7FE564-5168-4256-B25B-E0F3B45BF9F6}.Release|Any CPU.ActiveCfg = Release|Any CPU
		{FA7FE564-5168-4256-B25B-E0F3B45BF9F6}.Release|Any CPU.Build.0 = Release|Any CPU
		{30E8660A-A4E4-4949-80B3-91B7ED78A12D}.Debug|Any CPU.ActiveCfg = Debug|Any CPU
		{30E8660A-A4E4-4949-80B3-91B7ED78A12D}.Debug|Any CPU.Build.0 = Debug|Any CPU
		{30E8660A-A4E4-4949-80B3-91B7ED78A12D}.Debug|Any CPU.Deploy.0 = Debug|Any CPU
		{30E8660A-A4E4-4949-80B3-91B7ED78A12D}.Release|Any CPU.ActiveCfg = Release|Any CPU
		{30E8660A-A4E4-4949-80B3-91B7ED78A12D}.Release|Any CPU.Build.0 = Release|Any CPU
		{30E8660A-A4E4-4949-80B3-91B7ED78A12D}.Release|Any CPU.Deploy.0 = Release|Any CPU
		{2C17F366-D7AB-4195-8BB5-002B6CAFEFFD}.Debug|Any CPU.ActiveCfg = Debug|Any CPU
		{2C17F366-D7AB-4195-8BB5-002B6CAFEFFD}.Debug|Any CPU.Build.0 = Debug|Any CPU
		{2C17F366-D7AB-4195-8BB5-002B6CAFEFFD}.Release|Any CPU.ActiveCfg = Release|Any CPU
		{2C17F366-D7AB-4195-8BB5-002B6CAFEFFD}.Release|Any CPU.Build.0 = Release|Any CPU
	EndGlobalSection
	GlobalSection(SolutionProperties) = preSolution
		HideSolutionNode = FALSE
	EndGlobalSection
	GlobalSection(NestedProjects) = preSolution
		{2C17F366-D7AB-4195-8BB5-002B6CAFEFFD} = {63F8F3EE-0B29-46CF-928A-12CD8DB17379}
	EndGlobalSection
	GlobalSection(ExtensibilityGlobals) = postSolution
		SolutionGuid = {65746BEC-3F6A-4240-B0F1-4011ED8AD562}
	EndGlobalSection
EndGlobal
