
Microsoft Visual Studio Solution File, Format Version 12.00
# Visual Studio Version 16
VisualStudioVersion = 16.0.29709.97
MinimumVisualStudioVersion = 10.0.40219.1
Project("{FAE04EC0-301F-11D3-BF4B-00C04F79EFBC}") = "SeriMongo", "SeriMongo\SeriMongo.csproj", "{46BE63CA-CC66-4583-8273-4BC7AC614BE8}"
EndProject
Global
	GlobalSection(SolutionConfigurationPlatforms) = preSolution
		Debug|Any CPU = Debug|Any CPU
		Release|Any CPU = Release|Any CPU
	EndGlobalSection
	GlobalSection(ProjectConfigurationPlatforms) = postSolution
		{46BE63CA-CC66-4583-8273-4BC7AC614BE8}.Debug|Any CPU.ActiveCfg = Debug|Any CPU
		{46BE63CA-CC66-4583-8273-4BC7AC614BE8}.Debug|Any CPU.Build.0 = Debug|Any CPU
		{46BE63CA-CC66-4583-8273-4BC7AC614BE8}.Release|Any CPU.ActiveCfg = Release|Any CPU
		{46BE63CA-CC66-4583-8273-4BC7AC614BE8}.Release|Any CPU.Build.0 = Release|Any CPU
	EndGlobalSection
	GlobalSection(SolutionProperties) = preSolution
		HideSolutionNode = FALSE
	EndGlobalSection
	GlobalSection(ExtensibilityGlobals) = postSolution
		SolutionGuid = {5F8346B7-4348-4B60-8E69-538B334F1A60}
	EndGlobalSection
EndGlobal
